
Microsoft Visual Studio Solution File, Format Version 12.00
# Visual Studio Version 16
VisualStudioVersion = 16.0.29324.140
MinimumVisualStudioVersion = 10.0.40219.1
Project("{FAE04EC0-301F-11D3-BF4B-00C04F79EFBC}") = "ChuckNorrisJokesConsole", "ChuckNorrisJokesConsole\ChuckNorrisJokesConsole.csproj", "{091DDCDB-15AB-4F43-9259-98A953F8186B}"
EndProject
Project("{FAE04EC0-301F-11D3-BF4B-00C04F79EFBC}") = "ChuckNorrisJokesLibrary", "ChuckNorrisJokesLibrary\ChuckNorrisJokesLibrary.csproj", "{FDC38D58-7BB9-43E1-A80A-079FFB026CBD}"
EndProject
Global
	GlobalSection(SolutionConfigurationPlatforms) = preSolution
		Debug|Any CPU = Debug|Any CPU
		Release|Any CPU = Release|Any CPU
	EndGlobalSection
	GlobalSection(ProjectConfigurationPlatforms) = postSolution
		{091DDCDB-15AB-4F43-9259-98A953F8186B}.Debug|Any CPU.ActiveCfg = Debug|Any CPU
		{091DDCDB-15AB-4F43-9259-98A953F8186B}.Debug|Any CPU.Build.0 = Debug|Any CPU
		{091DDCDB-15AB-4F43-9259-98A953F8186B}.Release|Any CPU.ActiveCfg = Release|Any CPU
		{091DDCDB-15AB-4F43-9259-98A953F8186B}.Release|Any CPU.Build.0 = Release|Any CPU
		{FDC38D58-7BB9-43E1-A80A-079FFB026CBD}.Debug|Any CPU.ActiveCfg = Debug|Any CPU
		{FDC38D58-7BB9-43E1-A80A-079FFB026CBD}.Debug|Any CPU.Build.0 = Debug|Any CPU
		{FDC38D58-7BB9-43E1-A80A-079FFB026CBD}.Release|Any CPU.ActiveCfg = Release|Any CPU
		{FDC38D58-7BB9-43E1-A80A-079FFB026CBD}.Release|Any CPU.Build.0 = Release|Any CPU
	EndGlobalSection
	GlobalSection(SolutionProperties) = preSolution
		HideSolutionNode = FALSE
	EndGlobalSection
	GlobalSection(ExtensibilityGlobals) = postSolution
		SolutionGuid = {40289B9D-2302-434F-B69A-FEA6D2126750}
	EndGlobalSection
EndGlobal
